PODS:
  - Alamofire (4.7.3)
  - IQKeyboardManagerSwift (6.0.4)
  - PinLayout (1.8.6)
  - Realm (3.10.0):
    - Realm/Headers (= 3.10.0)
  - Realm/Headers (3.10.0)
  - RealmSwift (3.10.0):
    - Realm (= 3.10.0)
  - SDWebImage (4.4.2):
    - SDWebImage/Core (= 4.4.2)
  - SDWebImage/Core (4.4.2)
  - SwiftyJSON (4.1.0)

DEPENDENCIES:
  - Alamofire
  - IQKeyboardManagerSwift
  - PinLayout
  - RealmSwift
  - SDWebImage (~> 4.0)
  - SwiftyJSON (~> 4.0)

SPEC REPOS:
  trunk:
    - Alamofire
    - IQKeyboardManagerSwift
    - PinLayout
    - Realm
    - RealmSwift
    - SDWebImage
    - SwiftyJSON

SPEC CHECKSUMS:
  Alamofire: c7287b6e5d7da964a70935e5db17046b7fde6568
  IQKeyboardManagerSwift: 36dbe324b4f9793f5f41ba5227f3e7c76dfefd50
  PinLayout: fe2a2432d6982588e208572005c941aeeae417ab
  Realm: 85ab9e4f779d66f6e9ffeb118dc25b7f130c96ac
  RealmSwift: 69121c8b86d0ae005fb779efdb10e606732e1c74
  SDWebImage: 624d6e296c69b244bcede364c72ae0430ac14681
  SwiftyJSON: c29297daf073d2aa016295d5809cdd68045c39b3

PODFILE CHECKSUM: 41202b168d5bf9ee83441bca3f44ad0dde18a528

COCOAPODS: 1.8.4
